
Microsoft Visual Studio Solution File, Format Version 12.00
# Visual Studio Version 16
VisualStudioVersion = 16.0.30717.126
MinimumVisualStudioVersion = 10.0.40219.1
Project("{FAE04EC0-301F-11D3-BF4B-00C04F79EFBC}") = "AudioQ", "AudioQ\AudioQ.csproj", "{21810F02-7EEC-478A-B3CB-46D72A3042EC}"
EndProject
Project("{2150E333-8FDC-42A3-9474-1A3956D46DE8}") = "image", "image", "{3D6FD3B6-9F0E-40FD-9235-6AE1AFD64F2D}"
	ProjectSection(SolutionItems) = preProject
		Resource\Image\icon_loader_a_bb_01_s1.gif = Resource\Image\icon_loader_a_bb_01_s1.gif
	EndProjectSection
EndProject
Global
	GlobalSection(SolutionConfigurationPlatforms) = preSolution
		Debug|Any CPU = Debug|Any CPU
		Release|Any CPU = Release|Any CPU
	EndGlobalSection
	GlobalSection(ProjectConfigurationPlatforms) = postSolution
		{21810F02-7EEC-478A-B3CB-46D72A3042EC}.Debug|Any CPU.ActiveCfg = Debug|Any CPU
		{21810F02-7EEC-478A-B3CB-46D72A3042EC}.Debug|Any CPU.Build.0 = Debug|Any CPU
		{21810F02-7EEC-478A-B3CB-46D72A3042EC}.Release|Any CPU.ActiveCfg = Release|Any CPU
		{21810F02-7EEC-478A-B3CB-46D72A3042EC}.Release|Any CPU.Build.0 = Release|Any CPU
	EndGlobalSection
	GlobalSection(SolutionProperties) = preSolution
		HideSolutionNode = FALSE
	EndGlobalSection
	GlobalSection(ExtensibilityGlobals) = postSolution
		SolutionGuid = {09D3401F-67C3-4D68-9B28-FB3B754812BC}
	EndGlobalSection
EndGlobal
